{
  "name": "p5.xr",
  "version": "0.0.1",
  "lockfileVersion": 1,
  "requires": true,
  "dependencies": {
    "cardboard-vr-display": {
      "version": "1.0.16",
      "resolved": "https://registry.npmjs.org/cardboard-vr-display/-/cardboard-vr-display-1.0.16.tgz",
      "integrity": "sha512-GFBWPMH/ixy4Ji014BAO1ryddGHphtJlA8gUR6UdKsOpPjUQukCKpgsx2XIJ5oBlqXnDQOcLVRqBWyuvTI32jQ==",
      "requires": {
        "gl-preserve-state": "^1.0.0",
        "nosleep.js": "^0.7.0",
        "webvr-polyfill-dpdb": "^1.0.11"
      }
    },
    "gl-matrix": {
      "version": "2.8.1",
      "resolved": "https://registry.npmjs.org/gl-matrix/-/gl-matrix-2.8.1.tgz",
      "integrity": "sha512-0YCjVpE3pS5XWlN3J4X7AiAx65+nqAI54LndtVFnQZB6G/FVLkZH8y8V6R3cIoOQR4pUdfwQGd1iwyoXHJ4Qfw=="
    },
    "gl-preserve-state": {
      "version": "1.0.0",
      "resolved": "https://registry.npmjs.org/gl-preserve-state/-/gl-preserve-state-1.0.0.tgz",
      "integrity": "sha512-zQZ25l3haD4hvgJZ6C9+s0ebdkW9y+7U2qxvGu1uWOJh8a4RU+jURIKEQhf8elIlFpMH6CrAY2tH0mYrRjet3Q=="
    },
    "nosleep.js": {
      "version": "0.7.0",
      "resolved": "https://registry.npmjs.org/nosleep.js/-/nosleep.js-0.7.0.tgz",
      "integrity": "sha1-z9kZwlUjyg0PSmn7MwXAg62u4ok="
    },
    "webvr-polyfill-dpdb": {
      "version": "1.0.15",
      "resolved": "https://registry.npmjs.org/webvr-polyfill-dpdb/-/webvr-polyfill-dpdb-1.0.15.tgz",
      "integrity": "sha512-EfjKbmt9n0WCSrTZgvL76IEjMl5yaZ8kZIlgWZnRJzmuKSMB0lrzZzlCJC5AtDizGnpWXlVn9UtAEgVd2nAIjA=="
    },
    "webxr-polyfill": {
      "version": "1.0.13",
      "resolved": "https://registry.npmjs.org/webxr-polyfill/-/webxr-polyfill-1.0.13.tgz",
      "integrity": "sha512-hvAhtkYAOatpKumRw/rHLT2pxEyGn6XEJg8KOnI5y/6JA/yYXCpyL2Fy1vq92GVjvaj11VGWGKgSRHUhu+9RFA==",
      "requires": {
        "cardboard-vr-display": "^1.0.16",
        "gl-matrix": "^2.8.1"
      }
    }
  }
}
